
Microsoft Visual Studio Solution File, Format Version 12.00
# Visual Studio Version 16
VisualStudioVersion = 16.0.30503.244
MinimumVisualStudioVersion = 10.0.40219.1
Project("{9A19103F-16F7-4668-BE54-9A1E7A4F7556}") = "Lab2Console", "Lab2Console\Lab2Console.csproj", "{56DE21E4-3D16-4540-BFC3-7E37F131192E}"
EndProject
Project("{9A19103F-16F7-4668-BE54-9A1E7A4F7556}") = "ShapeLibrary", "Lab2Library\ShapeLibrary.csproj", "{602A2E40-3B7A-487C-89A9-A87C99CAA3DC}"
EndProject
Global
	GlobalSection(SolutionConfigurationPlatforms) = preSolution
		Debug|Any CPU = Debug|Any CPU
		Release|Any CPU = Release|Any CPU
	EndGlobalSection
	GlobalSection(ProjectConfigurationPlatforms) = postSolution
		{56DE21E4-3D16-4540-BFC3-7E37F131192E}.Debug|Any CPU.ActiveCfg = Debug|Any CPU
		{56DE21E4-3D16-4540-BFC3-7E37F131192E}.Debug|Any CPU.Build.0 = Debug|Any CPU
		{56DE21E4-3D16-4540-BFC3-7E37F131192E}.Release|Any CPU.ActiveCfg = Release|Any CPU
		{56DE21E4-3D16-4540-BFC3-7E37F131192E}.Release|Any CPU.Build.0 = Release|Any CPU
		{602A2E40-3B7A-487C-89A9-A87C99CAA3DC}.Debug|Any CPU.ActiveCfg = Debug|Any CPU
		{602A2E40-3B7A-487C-89A9-A87C99CAA3DC}.Debug|Any CPU.Build.0 = Debug|Any CPU
		{602A2E40-3B7A-487C-89A9-A87C99CAA3DC}.Release|Any CPU.ActiveCfg = Release|Any CPU
		{602A2E40-3B7A-487C-89A9-A87C99CAA3DC}.Release|Any CPU.Build.0 = Release|Any CPU
	EndGlobalSection
	GlobalSection(SolutionProperties) = preSolution
		HideSolutionNode = FALSE
	EndGlobalSection
	GlobalSection(ExtensibilityGlobals) = postSolution
		SolutionGuid = {FEE4AC98-073A-49F0-B77C-D3AAD212DC08}
	EndGlobalSection
EndGlobal
